lockfile_version: '1'
generated_at: '2026-05-29T22:52:12.097182+00:00'
apm_version: 0.16.0
dependencies:
- repo_url: pngdeity/apm-user-repository
  host: github.com
  resolved_commit: 078c35c3fa37b77c6d5263115f13da7733894539
  resolved_ref: v0.4.2
  virtual_path: packages/configure-trim-safe-efcore
  is_virtual: true
  package_type: apm_package
  deployed_files:
  - .agents/skills/configure-trim-safe-efcore
  content_hash: sha256:393f2f94593afcf5f03bec1e105a8946ce6b89eb8fef78c843c7eb516ab6a474
- repo_url: pngdeity/apm-user-repository
  host: github.com
  resolved_commit: 078c35c3fa37b77c6d5263115f13da7733894539
  resolved_ref: v0.4.2
  virtual_path: packages/development-practices
  is_virtual: true
  package_type: apm_package
  deployed_files:
  - .agents/skills/conventional-commits
  - .github/instructions/code-standards.instructions.md
  - .github/instructions/engineering-workflow.instructions.md
  - .github/instructions/git-standards.instructions.md
  deployed_file_hashes:
    .github/instructions/code-standards.instructions.md: sha256:b4e202e7898bdeda31475e927fd4dc1be91fad8528d31634d9625b8450456f7e
    .github/instructions/engineering-workflow.instructions.md: sha256:6729c85895f2b88706eb2fdf02a23771b2886145dc5d86c7bd0c4dcb9495f831
    .github/instructions/git-standards.instructions.md: sha256:e0e93bb30b34bdbff842a16d453242238d59563123c77835b2a09855ba3307ab
  content_hash: sha256:2d66d137d6805a9d06452a1871205ec9f5a09c2c27bebcef7e40ed41cb10e31c
- repo_url: pngdeity/apm-user-repository
  host: github.com
  resolved_commit: 078c35c3fa37b77c6d5263115f13da7733894539
  resolved_ref: v0.4.2
  virtual_path: packages/implement-offline-first-sync
  is_virtual: true
  package_type: apm_package
  deployed_files:
  - .agents/skills/implement-offline-first-sync
  content_hash: sha256:faaaed95e708827f8a0603fc3771ab8541e50c73ff1c58f79148595ea88f726f
- repo_url: pngdeity/apm-user-repository
  host: github.com
  resolved_commit: 078c35c3fa37b77c6d5263115f13da7733894539
  resolved_ref: v0.4.2
  virtual_path: packages/manage-sqlite-wasm-lifecycle
  is_virtual: true
  package_type: apm_package
  deployed_files:
  - .agents/skills/manage-sqlite-wasm-lifecycle
  content_hash: sha256:a4bfba6ecf09259a697b808001ed0b469e2e73dd9ad861d4fee54c4a9db14a85
local_deployed_files:
- .github/instructions/eoh-2026-judging.instructions.md
local_deployed_file_hashes:
  .github/instructions/eoh-2026-judging.instructions.md: sha256:cc7c3d4dfc1faba69770982a998a353a6174d4b918d5f107f9eb872f5dbe11ad
