<?xml version="1.0"?>
<Solution>
  <Folder Name="/src/">
    <Project Path="src/ContestJudging.Core/ContestJudging.Core.csproj"/>
    <Project Path="src/ContestJudging.Infrastructure/ContestJudging.Infrastructure.csproj"/>
    <Project Path="src/ContestJudging.Services/ContestJudging.Services.csproj"/>
    <Project Path="src/ContestJudging.Web/ContestJudging.Web.csproj"/>
  </Folder>
  <Folder Name="/tests/">
    <Project Path="tests/ContestJudging.Tests/ContestJudging.Tests.csproj"/>
    <Project Path="tests/ContestJudging.E2ETests/ContestJudging.E2ETests.csproj"/>
    <Project Path="tests/ContestJudging.Web.Tests/ContestJudging.Web.Tests.csproj"/>
  </Folder>
</Solution>
